// !$*UTF8*$!
{
	archiveVersion = 1;
	classes = {
	};
	objectVersion = 46;
	objects = {
/* Begin PBXBuildFile section */
		0207DA581B56EA530066E2B4 /* Images.xcassets in Resources */ = {isa = PBXBuildFile; fileRef = 0207DA571B56EA530066E2B4 /* Images.xcassets */; };
		1D3623260D0F684500981E51 /* AppDelegate.m in Sources */ = {isa = PBXBuildFile; fileRef = 1D3623250D0F684500981E51 /* AppDelegate.m */; };
		1D60589B0D05DD56006BFB54 /* main.m in Sources */ = {isa = PBXBuildFile; fileRef = 29B97316FDCFA39411CA2CEA /* main.m */; };
		301BF552109A68D80062928A /* libCordova.a in Frameworks */ = {isa = PBXBuildFile; fileRef = 301BF535109A57CC0062928A /* libCordova.a */; };
		302D95F114D2391D003F00A1 /* MainViewController.m in Sources */ = {isa = PBXBuildFile; fileRef = 302D95EF14D2391D003F00A1 /* MainViewController.m */; };
		302D95F214D2391D003F00A1 /* MainViewController.xib in Resources */ = {isa = PBXBuildFile; fileRef = 302D95F014D2391D003F00A1 /* MainViewController.xib */; };
		3047A5121AB8059700498E2A /* build-debug.xcconfig in Resources */ = {isa = PBXBuildFile; fileRef = 3047A50F1AB8059700498E2A /* build-debug.xcconfig */; };
		3047A5131AB8059700498E2A /* build-release.xcconfig in Resources */ = {isa = PBXBuildFile; fileRef = 3047A5101AB8059700498E2A /* build-release.xcconfig */; };
		3047A5141AB8059700498E2A /* build.xcconfig in Resources */ = {isa = PBXBuildFile; fileRef = 3047A5111AB8059700498E2A /* build.xcconfig */; };
		6AFF5BF91D6E424B00AB3073 /* CDVLaunchScreen.storyboard in Resources */ = {isa = PBXBuildFile; fileRef = 6AFF5BF81D6E424B00AB3073 /* CDVLaunchScreen.storyboard */; };
		63F5F34DF1EA4EA7B44CAA21 /* StreamingMedia.m in Sources */ = {isa = PBXBuildFile; fileRef = 4C729B9846E6435AA1E9AA94 /* StreamingMedia.m */; };
		E3A17001D5EE4EC090E6A47A /* MediaPlayer.framework in Frameworks */ = {isa = PBXBuildFile; fileRef = B8BC8F4315F740C5AE429AD4 /* MediaPlayer.framework */; };
		DC90EBF9B4474BA983F1A612 /* VideoThumbnail.m in Sources */ = {isa = PBXBuildFile; fileRef = 39344832FE17469FB1238ADF /* VideoThumbnail.m */; };
		80B4BEB2C2FE4FB5908B2C64 /* UIImage+CropScaleOrientation.m in Sources */ = {isa = PBXBuildFile; fileRef = 3EFDA8FFBC354389B648038A /* UIImage+CropScaleOrientation.m */; };
		C7995F3099304E57A1C44494 /* CDVCamera.m in Sources */ = {isa = PBXBuildFile; fileRef = 0C5C48659F444855AE181A29 /* CDVCamera.m */; };
		9ABE0A0339654BEAA9F9574E /* CDVJpegHeaderWriter.m in Sources */ = {isa = PBXBuildFile; fileRef = EC421D52AA244C6880A16FD5 /* CDVJpegHeaderWriter.m */; };
		6DCA879B28054FEC81AE569E /* ImageIO.framework in Frameworks */ = {isa = PBXBuildFile; fileRef = 5F50EAEE8A954BD2A8C8861F /* ImageIO.framework */; settings = {ATTRIBUTES = (Weak, ); }; };
		CC6DECD810DF4CACA859F154 /* CoreLocation.framework in Frameworks */ = {isa = PBXBuildFile; fileRef = B200C179309F4977B8D9F83F /* CoreLocation.framework */; };
		780665DF97BB4797B7BD2807 /* AVFoundation.framework in Frameworks */ = {isa = PBXBuildFile; fileRef = 010FEAEE3CBB49108089D355 /* AVFoundation.framework */; };
		7E554788074A4817BA6CDDB7 /* CDVDevice.m in Sources */ = {isa = PBXBuildFile; fileRef = A80D668ED321406885627116 /* CDVDevice.m */; };
		2EAECB6AA0EF479B8C3222E5 /* CDVNotification.m in Sources */ = {isa = PBXBuildFile; fileRef = B808204AC0724E0A864F823E /* CDVNotification.m */; };
		07EF85FA45F74F94B3A3EF75 /* CDVNotification.bundle in Resources */ = {isa = PBXBuildFile; fileRef = D355D9C0BE5B48C1BBC66DDD /* CDVNotification.bundle */; };
		AC7F1CCAB63A499B88A915C8 /* AudioToolbox.framework in Frameworks */ = {isa = PBXBuildFile; fileRef = 18BC8D99769F41AFA5F569FD /* AudioToolbox.framework */; settings = {ATTRIBUTES = (Weak, ); }; };
		AC36A39034DC4B3894C3BBFB /* FacebookConnectPlugin.m in Sources */ = {isa = PBXBuildFile; fileRef = 58BA8A88BA1246118B4BE1C8 /* FacebookConnectPlugin.m */; };
		86ABD7C52C6D45188502B20B /* Bolts.framework in Frameworks */ = {isa = PBXBuildFile; fileRef = 1E93B7E9C8D54634B32875E4 /* Bolts.framework */; };
		632F5A085A644B6CAD029A0A /* FBSDKCoreKit.framework in Frameworks */ = {isa = PBXBuildFile; fileRef = FA21868418014D94ACD9760A /* FBSDKCoreKit.framework */; };
		EBBF99D48EBD453F9A9A1A55 /* FBSDKLoginKit.framework in Frameworks */ = {isa = PBXBuildFile; fileRef = 589CAF5C68CF4073BC4E8AA0 /* FBSDKLoginKit.framework */; };
		9058EE973488451885120544 /* FBSDKShareKit.framework in Frameworks */ = {isa = PBXBuildFile; fileRef = D503E4A55A284A888171D55C /* FBSDKShareKit.framework */; };
		025E4B76FD384859AAAF5D7F /* CDVFile.m in Sources */ = {isa = PBXBuildFile; fileRef = F5A6FE4DD49F4E188F68F884 /* CDVFile.m */; };
		E84FBBBC6F924B66BE0309F1 /* CDVLocalFilesystem.m in Sources */ = {isa = PBXBuildFile; fileRef = C213B27BFBF0421E93BC5045 /* CDVLocalFilesystem.m */; };
		3813116F13D04F3FA1326A2D /* CDVAssetLibraryFilesystem.m in Sources */ = {isa = PBXBuildFile; fileRef = 5CD00B89BA974E8D9290979A /* CDVAssetLibraryFilesystem.m */; };
		83331563E1F742549D2C6777 /* CDVFileTransfer.m in Sources */ = {isa = PBXBuildFile; fileRef = 4443C13799064C11AE21DC67 /* CDVFileTransfer.m */; };
		9EF8F36FE67D4F0BA72F1DFB /* CDVLocation.m in Sources */ = {isa = PBXBuildFile; fileRef = C34C5110E4B04D38A4D59E09 /* CDVLocation.m */; };
		25E6B86CE5B646E69502C27F /* CDVInAppBrowser.m in Sources */ = {isa = PBXBuildFile; fileRef = AED9DF076FB04555ADB64D72 /* CDVInAppBrowser.m */; };
		DF9C6A39171143E697609F45 /* CDVConnection.m in Sources */ = {isa = PBXBuildFile; fileRef = 77CB78EE8AE74CBFB55EB511 /* CDVConnection.m */; };
		C2CB2E547EF749AA9080BD7A /* CDVReachability.m in Sources */ = {isa = PBXBuildFile; fileRef = 2C6EA9B835AD4FD785B90B63 /* CDVReachability.m */; };
		A55FCCF33D0340CD87BCBB7C /* SystemConfiguration.framework in Frameworks */ = {isa = PBXBuildFile; fileRef = EDD2FA53F27848F49B18F17D /* SystemConfiguration.framework */; settings = {ATTRIBUTES = (Weak, ); }; };
		30A91DAF6E6A4FE6AFD8F7E9 /* CoreTelephony.framework in Frameworks */ = {isa = PBXBuildFile; fileRef = 7CBE1B12F966450E91748F67 /* CoreTelephony.framework */; };
		E4678D98141C4A5FA7741134 /* CDVSplashScreen.m in Sources */ = {isa = PBXBuildFile; fileRef = 1B46CAB8CCFC4840AF092688 /* CDVSplashScreen.m */; };
		AE5442C7CF5D4DA7A41BC756 /* CDVViewController+SplashScreen.m in Sources */ = {isa = PBXBuildFile; fileRef = 90EDC57CC5AC4DA295691116 /* CDVViewController+SplashScreen.m */; };
		3E9F053E4C9D431182E79DC0 /* CDVStatusBar.m in Sources */ = {isa = PBXBuildFile; fileRef = 87A0229F44A64635A735D1DE /* CDVStatusBar.m */; };
		52A1010B73D34EF5B87CE95B /* WebViewColor.m in Sources */ = {isa = PBXBuildFile; fileRef = 4B05682171594B3A8022378A /* WebViewColor.m */; };
/* End PBXBuildFile section */

/* Begin PBXContainerItemProxy section */
		301BF534109A57CC0062928A /* PBXContainerItemProxy */ = {
			isa = PBXContainerItemProxy;
			containerPortal = 301BF52D109A57CC0062928A /* CordovaLib.xcodeproj */;
			proxyType = 2;
			remoteGlobalIDString = D2AAC07E0554694100DB518D;
			remoteInfo = CordovaLib;
		};
		301BF550109A68C00062928A /* PBXContainerItemProxy */ = {
			isa = PBXContainerItemProxy;
			containerPortal = 301BF52D109A57CC0062928A /* CordovaLib.xcodeproj */;
			proxyType = 1;
			remoteGlobalIDString = D2AAC07D0554694100DB518D;
			remoteInfo = CordovaLib;
		};
/* End PBXContainerItemProxy section */

/* Begin PBXFileReference section */
		0207DA571B56EA530066E2B4 /* Images.xcassets */ = {isa = PBXFileReference; lastKnownFileType = folder.assetcatalog; name = Images.xcassets; path = "Live Music/Images.xcassets"; sourceTree = SOURCE_ROOT; };
		1D3623240D0F684500981E51 /* AppDelegate.h */ = {isa = PBXFileReference; fileEncoding = 4; lastKnownFileType = sourcecode.c.h; path = AppDelegate.h; sourceTree = "<group>"; };
		1D3623250D0F684500981E51 /* AppDelegate.m */ = {isa = PBXFileReference; fileEncoding = 4; lastKnownFileType = sourcecode.c.objc; path = AppDelegate.m; sourceTree = "<group>"; };
		1D6058910D05DD3D006BFB54 /* Live Music.app */ = {isa = PBXFileReference; explicitFileType = wrapper.application; includeInIndex = 0; path = "Live Music.app"; sourceTree = BUILT_PRODUCTS_DIR; };
		29B97316FDCFA39411CA2CEA /* main.m */ = {isa = PBXFileReference; fileEncoding = 4; lastKnownFileType = sourcecode.c.objc; path = main.m; sourceTree = "<group>"; };
		301BF52D109A57CC0062928A /* CordovaLib.xcodeproj */ = {isa = PBXFileReference; lastKnownFileType = "wrapper.pb-project"; name = CordovaLib.xcodeproj; path = CordovaLib/CordovaLib.xcodeproj; sourceTree = "<group>"; };
		301BF56E109A69640062928A /* www */ = {isa = PBXFileReference; lastKnownFileType = folder; path = www; sourceTree = SOURCE_ROOT; };
		302D95EE14D2391D003F00A1 /* MainViewController.h */ = {isa = PBXFileReference; fileEncoding = 4; lastKnownFileType = sourcecode.c.h; path = MainViewController.h; sourceTree = "<group>"; };
		302D95EF14D2391D003F00A1 /* MainViewController.m */ = {isa = PBXFileReference; fileEncoding = 4; lastKnownFileType = sourcecode.c.objc; path = MainViewController.m; sourceTree = "<group>"; };
		302D95F014D2391D003F00A1 /* MainViewController.xib */ = {isa = PBXFileReference; fileEncoding = 4; lastKnownFileType = file.xib; path = MainViewController.xib; sourceTree = "<group>"; };
		3047A50F1AB8059700498E2A /* build-debug.xcconfig */ = {isa = PBXFileReference; fileEncoding = 4; lastKnownFileType = text.xcconfig; name = "build-debug.xcconfig"; path = cordova/build-debug.xcconfig; sourceTree = SOURCE_ROOT; };
		3047A5101AB8059700498E2A /* build-release.xcconfig */ = {isa = PBXFileReference; fileEncoding = 4; lastKnownFileType = text.xcconfig; name = "build-release.xcconfig"; path = cordova/build-release.xcconfig; sourceTree = SOURCE_ROOT; };
		3047A5111AB8059700498E2A /* build.xcconfig */ = {isa = PBXFileReference; fileEncoding = 4; lastKnownFileType = text.xcconfig; name = build.xcconfig; path = cordova/build.xcconfig; sourceTree = SOURCE_ROOT; };
		32CA4F630368D1EE00C91783 /* Live Music-Prefix.pch */ = {isa = PBXFileReference; fileEncoding = 4; lastKnownFileType = sourcecode.c.h; path = "Live Music-Prefix.pch"; sourceTree = "<group>"; };
		6AFF5BF81D6E424B00AB3073 /* CDVLaunchScreen.storyboard */ = {isa = PBXFileReference; fileEncoding = 4; lastKnownFileType = file.storyboard; name = CDVLaunchScreen.storyboard; path = "Live Music/CDVLaunchScreen.storyboard"; sourceTree = SOURCE_ROOT; };
		8D1107310486CEB800E47090 /* Live Music-Info.plist */ = {isa = PBXFileReference; fileEncoding = 4; lastKnownFileType = text.plist.xml; name = "Live Music-Info.plist"; path = "Live Music/Live Music-Info.plist"; plistStructureDefinitionIdentifier = "com.apple.xcode.plist.structure-definition.iphone.info-plist"; sourceTree = SOURCE_ROOT; };
		EB87FDF31871DA8E0020F90C /* www */ = {isa = PBXFileReference; lastKnownFileType = folder; name = www; path = ../../www; sourceTree = "<group>"; };
		EB87FDF41871DAF40020F90C /* config.xml */ = {isa = PBXFileReference; lastKnownFileType = text.xml; name = config.xml; path = ../../config.xml; sourceTree = "<group>"; };
		F840E1F0165FE0F500CFE078 /* config.xml */ = {isa = PBXFileReference; lastKnownFileType = text.xml; name = config.xml; path = "Live Music/config.xml"; sourceTree = "<group>"; };
		ED33DF2A687741AEAF9F8254 /* Bridging-Header.h */ = {isa = PBXFileReference; fileEncoding = 4; lastKnownFileType = sourcecode.c.h; name = "Bridging-Header.h"; path = "Bridging-Header.h"; sourceTree = "<group>"; };
		4C729B9846E6435AA1E9AA94 /* StreamingMedia.m */ = {isa = PBXFileReference; name = "StreamingMedia.m"; path = "com.hutchind.cordova.plugins.streamingmedia/StreamingMedia.m"; sourceTree = "<group>"; fileEncoding = 4; lastKnownFileType = sourcecode.c.objc; explicitFileType = undefined; includeInIndex = 0; };
		027497D275584120AEC7B8D7 /* StreamingMedia.h */ = {isa = PBXFileReference; name = "StreamingMedia.h"; path = "com.hutchind.cordova.plugins.streamingmedia/StreamingMedia.h"; sourceTree = "<group>"; fileEncoding = 4; lastKnownFileType = sourcecode.c.h; explicitFileType = undefined; includeInIndex = 0; };
		B8BC8F4315F740C5AE429AD4 /* MediaPlayer.framework */ = {isa = PBXFileReference; name = "MediaPlayer.framework"; path = "System/Library/Frameworks/MediaPlayer.framework"; sourceTree = SDKROOT; fileEncoding = undefined; lastKnownFileType = wrapper.framework; explicitFileType = undefined; includeInIndex = 0; };
		39344832FE17469FB1238ADF /* VideoThumbnail.m */ = {isa = PBXFileReference; name = "VideoThumbnail.m"; path = "com.plidstone.phonegap.plugins.video-thumbnail/VideoThumbnail.m"; sourceTree = "<group>"; fileEncoding = 4; lastKnownFileType = sourcecode.c.objc; explicitFileType = undefined; includeInIndex = 0; };
		F36606FB3BA9448697A4F514 /* VideoThumbnail.h */ = {isa = PBXFileReference; name = "VideoThumbnail.h"; path = "com.plidstone.phonegap.plugins.video-thumbnail/VideoThumbnail.h"; sourceTree = "<group>"; fileEncoding = 4; lastKnownFileType = sourcecode.c.h; explicitFileType = undefined; includeInIndex = 0; };
		3EFDA8FFBC354389B648038A /* UIImage+CropScaleOrientation.m */ = {isa = PBXFileReference; name = "UIImage+CropScaleOrientation.m"; path = "cordova-plugin-camera/UIImage+CropScaleOrientation.m"; sourceTree = "<group>"; fileEncoding = 4; lastKnownFileType = sourcecode.c.objc; explicitFileType = undefined; includeInIndex = 0; };
		0C5C48659F444855AE181A29 /* CDVCamera.m */ = {isa = PBXFileReference; name = "CDVCamera.m"; path = "cordova-plugin-camera/CDVCamera.m"; sourceTree = "<group>"; fileEncoding = 4; lastKnownFileType = sourcecode.c.objc; explicitFileType = undefined; includeInIndex = 0; };
		EC421D52AA244C6880A16FD5 /* CDVJpegHeaderWriter.m */ = {isa = PBXFileReference; name = "CDVJpegHeaderWriter.m"; path = "cordova-plugin-camera/CDVJpegHeaderWriter.m"; sourceTree = "<group>"; fileEncoding = 4; lastKnownFileType = sourcecode.c.objc; explicitFileType = undefined; includeInIndex = 0; };
		011937520C664FC4AC64C839 /* UIImage+CropScaleOrientation.h */ = {isa = PBXFileReference; name = "UIImage+CropScaleOrientation.h"; path = "cordova-plugin-camera/UIImage+CropScaleOrientation.h"; sourceTree = "<group>"; fileEncoding = 4; lastKnownFileType = sourcecode.c.h; explicitFileType = undefined; includeInIndex = 0; };
		D76832523C2F47109B29F688 /* CDVCamera.h */ = {isa = PBXFileReference; name = "CDVCamera.h"; path = "cordova-plugin-camera/CDVCamera.h"; sourceTree = "<group>"; fileEncoding = 4; lastKnownFileType = sourcecode.c.h; explicitFileType = undefined; includeInIndex = 0; };
		5D7ACBB5531A4A00A5704320 /* CDVJpegHeaderWriter.h */ = {isa = PBXFileReference; name = "CDVJpegHeaderWriter.h"; path = "cordova-plugin-camera/CDVJpegHeaderWriter.h"; sourceTree = "<group>"; fileEncoding = 4; lastKnownFileType = sourcecode.c.h; explicitFileType = undefined; includeInIndex = 0; };
		571AAD2D671E4414B702D194 /* CDVExif.h */ = {isa = PBXFileReference; name = "CDVExif.h"; path = "cordova-plugin-camera/CDVExif.h"; sourceTree = "<group>"; fileEncoding = 4; lastKnownFileType = sourcecode.c.h; explicitFileType = undefined; includeInIndex = 0; };
		5F50EAEE8A954BD2A8C8861F /* ImageIO.framework */ = {isa = PBXFileReference; name = "ImageIO.framework"; path = "System/Library/Frameworks/ImageIO.framework"; sourceTree = SDKROOT; fileEncoding = undefined; lastKnownFileType = wrapper.framework; explicitFileType = undefined; includeInIndex = 0; };
		B200C179309F4977B8D9F83F /* CoreLocation.framework */ = {isa = PBXFileReference; name = "CoreLocation.framework"; path = "System/Library/Frameworks/CoreLocation.framework"; sourceTree = SDKROOT; fileEncoding = undefined; lastKnownFileType = wrapper.framework; explicitFileType = undefined; includeInIndex = 0; };
		010FEAEE3CBB49108089D355 /* AVFoundation.framework */ = {isa = PBXFileReference; name = "AVFoundation.framework"; path = "System/Library/Frameworks/AVFoundation.framework"; sourceTree = SDKROOT; fileEncoding = undefined; lastKnownFileType = wrapper.framework; explicitFileType = undefined; includeInIndex = 0; };
		A80D668ED321406885627116 /* CDVDevice.m */ = {isa = PBXFileReference; name = "CDVDevice.m"; path = "cordova-plugin-device/CDVDevice.m"; sourceTree = "<group>"; fileEncoding = 4; lastKnownFileType = sourcecode.c.objc; explicitFileType = undefined; includeInIndex = 0; };
		5D0EB94020B546F38276DD3D /* CDVDevice.h */ = {isa = PBXFileReference; name = "CDVDevice.h"; path = "cordova-plugin-device/CDVDevice.h"; sourceTree = "<group>"; fileEncoding = 4; lastKnownFileType = sourcecode.c.h; explicitFileType = undefined; includeInIndex = 0; };
		B808204AC0724E0A864F823E /* CDVNotification.m */ = {isa = PBXFileReference; name = "CDVNotification.m"; path = "cordova-plugin-dialogs/CDVNotification.m"; sourceTree = "<group>"; fileEncoding = 4; lastKnownFileType = sourcecode.c.objc; explicitFileType = undefined; includeInIndex = 0; };
		AF98B1BD190A4E228EF5E483 /* CDVNotification.h */ = {isa = PBXFileReference; name = "CDVNotification.h"; path = "cordova-plugin-dialogs/CDVNotification.h"; sourceTree = "<group>"; fileEncoding = 4; lastKnownFileType = sourcecode.c.h; explicitFileType = undefined; includeInIndex = 0; };
		D355D9C0BE5B48C1BBC66DDD /* CDVNotification.bundle */ = {isa = PBXFileReference; name = "CDVNotification.bundle"; path = "CDVNotification.bundle"; sourceTree = "<group>"; fileEncoding = undefined; lastKnownFileType = wrapper.plug-in; explicitFileType = undefined; includeInIndex = 0; };
		18BC8D99769F41AFA5F569FD /* AudioToolbox.framework */ = {isa = PBXFileReference; name = "AudioToolbox.framework"; path = "System/Library/Frameworks/AudioToolbox.framework"; sourceTree = SDKROOT; fileEncoding = undefined; lastKnownFileType = wrapper.framework; explicitFileType = undefined; includeInIndex = 0; };
		58BA8A88BA1246118B4BE1C8 /* FacebookConnectPlugin.m */ = {isa = PBXFileReference; name = "FacebookConnectPlugin.m"; path = "cordova-plugin-facebook4/FacebookConnectPlugin.m"; sourceTree = "<group>"; fileEncoding = 4; lastKnownFileType = sourcecode.c.objc; explicitFileType = undefined; includeInIndex = 0; };
		987CA4FC3C02467CBFB0C472 /* FacebookConnectPlugin.h */ = {isa = PBXFileReference; name = "FacebookConnectPlugin.h"; path = "cordova-plugin-facebook4/FacebookConnectPlugin.h"; sourceTree = "<group>"; fileEncoding = 4; lastKnownFileType = sourcecode.c.h; explicitFileType = undefined; includeInIndex = 0; };
		1E93B7E9C8D54634B32875E4 /* Bolts.framework */ = {isa = PBXFileReference; name = "Bolts.framework"; path = "Live Music/Plugins/cordova-plugin-facebook4/Bolts.framework"; sourceTree = "<group>"; fileEncoding = undefined; lastKnownFileType = wrapper.framework; explicitFileType = undefined; includeInIndex = 0; };
		FA21868418014D94ACD9760A /* FBSDKCoreKit.framework */ = {isa = PBXFileReference; name = "FBSDKCoreKit.framework"; path = "Live Music/Plugins/cordova-plugin-facebook4/FBSDKCoreKit.framework"; sourceTree = "<group>"; fileEncoding = undefined; lastKnownFileType = wrapper.framework; explicitFileType = undefined; includeInIndex = 0; };
		589CAF5C68CF4073BC4E8AA0 /* FBSDKLoginKit.framework */ = {isa = PBXFileReference; name = "FBSDKLoginKit.framework"; path = "Live Music/Plugins/cordova-plugin-facebook4/FBSDKLoginKit.framework"; sourceTree = "<group>"; fileEncoding = undefined; lastKnownFileType = wrapper.framework; explicitFileType = undefined; includeInIndex = 0; };
		D503E4A55A284A888171D55C /* FBSDKShareKit.framework */ = {isa = PBXFileReference; name = "FBSDKShareKit.framework"; path = "Live Music/Plugins/cordova-plugin-facebook4/FBSDKShareKit.framework"; sourceTree = "<group>"; fileEncoding = undefined; lastKnownFileType = wrapper.framework; explicitFileType = undefined; includeInIndex = 0; };
		F5A6FE4DD49F4E188F68F884 /* CDVFile.m */ = {isa = PBXFileReference; name = "CDVFile.m"; path = "cordova-plugin-file/CDVFile.m"; sourceTree = "<group>"; fileEncoding = 4; lastKnownFileType = sourcecode.c.objc; explicitFileType = undefined; includeInIndex = 0; };
		C213B27BFBF0421E93BC5045 /* CDVLocalFilesystem.m */ = {isa = PBXFileReference; name = "CDVLocalFilesystem.m"; path = "cordova-plugin-file/CDVLocalFilesystem.m"; sourceTree = "<group>"; fileEncoding = 4; lastKnownFileType = sourcecode.c.objc; explicitFileType = undefined; includeInIndex = 0; };
		5CD00B89BA974E8D9290979A /* CDVAssetLibraryFilesystem.m */ = {isa = PBXFileReference; name = "CDVAssetLibraryFilesystem.m"; path = "cordova-plugin-file/CDVAssetLibraryFilesystem.m"; sourceTree = "<group>"; fileEncoding = 4; lastKnownFileType = sourcecode.c.objc; explicitFileType = undefined; includeInIndex = 0; };
		C05DD9451316486799266BE2 /* CDVFile.h */ = {isa = PBXFileReference; name = "CDVFile.h"; path = "cordova-plugin-file/CDVFile.h"; sourceTree = "<group>"; fileEncoding = 4; lastKnownFileType = sourcecode.c.h; explicitFileType = undefined; includeInIndex = 0; };
		9336EB4F38FC42A9835E1E64 /* CDVLocalFilesystem.h */ = {isa = PBXFileReference; name = "CDVLocalFilesystem.h"; path = "cordova-plugin-file/CDVLocalFilesystem.h"; sourceTree = "<group>"; fileEncoding = 4; lastKnownFileType = sourcecode.c.h; explicitFileType = undefined; includeInIndex = 0; };
		FD6A626A235944BC93BE181B /* CDVAssetLibraryFilesystem.h */ = {isa = PBXFileReference; name = "CDVAssetLibraryFilesystem.h"; path = "cordova-plugin-file/CDVAssetLibraryFilesystem.h"; sourceTree = "<group>"; fileEncoding = 4; lastKnownFileType = sourcecode.c.h; explicitFileType = undefined; includeInIndex = 0; };
		4443C13799064C11AE21DC67 /* CDVFileTransfer.m */ = {isa = PBXFileReference; name = "CDVFileTransfer.m"; path = "cordova-plugin-file-transfer/CDVFileTransfer.m"; sourceTree = "<group>"; fileEncoding = 4; lastKnownFileType = sourcecode.c.objc; explicitFileType = undefined; includeInIndex = 0; };
		50EBF26BE5FC4961A87C5F02 /* CDVFileTransfer.h */ = {isa = PBXFileReference; name = "CDVFileTransfer.h"; path = "cordova-plugin-file-transfer/CDVFileTransfer.h"; sourceTree = "<group>"; fileEncoding = 4; lastKnownFileType = sourcecode.c.h; explicitFileType = undefined; includeInIndex = 0; };
		C34C5110E4B04D38A4D59E09 /* CDVLocation.m */ = {isa = PBXFileReference; name = "CDVLocation.m"; path = "cordova-plugin-geolocation/CDVLocation.m"; sourceTree = "<group>"; fileEncoding = 4; lastKnownFileType = sourcecode.c.objc; explicitFileType = undefined; includeInIndex = 0; };
		392CB64C4E60425B916B5609 /* CDVLocation.h */ = {isa = PBXFileReference; name = "CDVLocation.h"; path = "cordova-plugin-geolocation/CDVLocation.h"; sourceTree = "<group>"; fileEncoding = 4; lastKnownFileType = sourcecode.c.h; explicitFileType = undefined; includeInIndex = 0; };
		AED9DF076FB04555ADB64D72 /* CDVInAppBrowser.m */ = {isa = PBXFileReference; name = "CDVInAppBrowser.m"; path = "cordova-plugin-inappbrowser/CDVInAppBrowser.m"; sourceTree = "<group>"; fileEncoding = 4; lastKnownFileType = sourcecode.c.objc; explicitFileType = undefined; includeInIndex = 0; };
		30E48BDEEADC4868AA2A52DA /* CDVInAppBrowser.h */ = {isa = PBXFileReference; name = "CDVInAppBrowser.h"; path = "cordova-plugin-inappbrowser/CDVInAppBrowser.h"; sourceTree = "<group>"; fileEncoding = 4; lastKnownFileType = sourcecode.c.h; explicitFileType = undefined; includeInIndex = 0; };
		77CB78EE8AE74CBFB55EB511 /* CDVConnection.m */ = {isa = PBXFileReference; name = "CDVConnection.m"; path = "cordova-plugin-network-information/CDVConnection.m"; sourceTree = "<group>"; fileEncoding = 4; lastKnownFileType = sourcecode.c.objc; explicitFileType = undefined; includeInIndex = 0; };
		2C6EA9B835AD4FD785B90B63 /* CDVReachability.m */ = {isa = PBXFileReference; name = "CDVReachability.m"; path = "cordova-plugin-network-information/CDVReachability.m"; sourceTree = "<group>"; fileEncoding = 4; lastKnownFileType = sourcecode.c.objc; explicitFileType = undefined; includeInIndex = 0; };
		9C762D7B6DB240239110CF7F /* CDVConnection.h */ = {isa = PBXFileReference; name = "CDVConnection.h"; path = "cordova-plugin-network-information/CDVConnection.h"; sourceTree = "<group>"; fileEncoding = 4; lastKnownFileType = sourcecode.c.h; explicitFileType = undefined; includeInIndex = 0; };
		DDECCB9BA99C424B89BE3AA3 /* CDVReachability.h */ = {isa = PBXFileReference; name = "CDVReachability.h"; path = "cordova-plugin-network-information/CDVReachability.h"; sourceTree = "<group>"; fileEncoding = 4; lastKnownFileType = sourcecode.c.h; explicitFileType = undefined; includeInIndex = 0; };
		EDD2FA53F27848F49B18F17D /* SystemConfiguration.framework */ = {isa = PBXFileReference; name = "SystemConfiguration.framework"; path = "System/Library/Frameworks/SystemConfiguration.framework"; sourceTree = SDKROOT; fileEncoding = undefined; lastKnownFileType = wrapper.framework; explicitFileType = undefined; includeInIndex = 0; };
		7CBE1B12F966450E91748F67 /* CoreTelephony.framework */ = {isa = PBXFileReference; name = "CoreTelephony.framework"; path = "System/Library/Frameworks/CoreTelephony.framework"; sourceTree = SDKROOT; fileEncoding = undefined; lastKnownFileType = wrapper.framework; explicitFileType = undefined; includeInIndex = 0; };
		1B46CAB8CCFC4840AF092688 /* CDVSplashScreen.m */ = {isa = PBXFileReference; name = "CDVSplashScreen.m"; path = "cordova-plugin-splashscreen/CDVSplashScreen.m"; sourceTree = "<group>"; fileEncoding = 4; lastKnownFileType = sourcecode.c.objc; explicitFileType = undefined; includeInIndex = 0; };
		90EDC57CC5AC4DA295691116 /* CDVViewController+SplashScreen.m */ = {isa = PBXFileReference; name = "CDVViewController+SplashScreen.m"; path = "cordova-plugin-splashscreen/CDVViewController+SplashScreen.m"; sourceTree = "<group>"; fileEncoding = 4; lastKnownFileType = sourcecode.c.objc; explicitFileType = undefined; includeInIndex = 0; };
		F0F703DFEB1F4F7D8AD782C4 /* CDVSplashScreen.h */ = {isa = PBXFileReference; name = "CDVSplashScreen.h"; path = "cordova-plugin-splashscreen/CDVSplashScreen.h"; sourceTree = "<group>"; fileEncoding = 4; lastKnownFileType = sourcecode.c.h; explicitFileType = undefined; includeInIndex = 0; };
		96A549DE494943CA9522C2C7 /* CDVViewController+SplashScreen.h */ = {isa = PBXFileReference; name = "CDVViewController+SplashScreen.h"; path = "cordova-plugin-splashscreen/CDVViewController+SplashScreen.h"; sourceTree = "<group>"; fileEncoding = 4; lastKnownFileType = sourcecode.c.h; explicitFileType = undefined; includeInIndex = 0; };
		87A0229F44A64635A735D1DE /* CDVStatusBar.m */ = {isa = PBXFileReference; name = "CDVStatusBar.m"; path = "cordova-plugin-statusbar/CDVStatusBar.m"; sourceTree = "<group>"; fileEncoding = 4; lastKnownFileType = sourcecode.c.objc; explicitFileType = undefined; includeInIndex = 0; };
		4E2AC14A29774E4E924C2BE1 /* CDVStatusBar.h */ = {isa = PBXFileReference; name = "CDVStatusBar.h"; path = "cordova-plugin-statusbar/CDVStatusBar.h"; sourceTree = "<group>"; fileEncoding = 4; lastKnownFileType = sourcecode.c.h; explicitFileType = undefined; includeInIndex = 0; };
		4B05682171594B3A8022378A /* WebViewColor.m */ = {isa = PBXFileReference; name = "WebViewColor.m"; path = "cordova-plugin-webviewcolor/WebViewColor.m"; sourceTree = "<group>"; fileEncoding = 4; lastKnownFileType = sourcecode.c.objc; explicitFileType = undefined; includeInIndex = 0; };
		AA0E61FF734E4AF48F5D73B2 /* WebViewColor.h */ = {isa = PBXFileReference; name = "WebViewColor.h"; path = "cordova-plugin-webviewcolor/WebViewColor.h"; sourceTree = "<group>"; fileEncoding = 4; lastKnownFileType = sourcecode.c.h; explicitFileType = undefined; includeInIndex = 0; };
/* End PBXFileReference section */

/* Begin PBXFrameworksBuildPhase section */
		1D60588F0D05DD3D006BFB54 /* Frameworks */ = {
			isa = PBXFrameworksBuildPhase;
			buildActionMask = 2147483647;
			files = (
				301BF552109A68D80062928A /* libCordova.a in Frameworks */,
				E3A17001D5EE4EC090E6A47A /* MediaPlayer.framework in Frameworks */,
				6DCA879B28054FEC81AE569E /* ImageIO.framework in Frameworks */,
				CC6DECD810DF4CACA859F154 /* CoreLocation.framework in Frameworks */,
				780665DF97BB4797B7BD2807 /* AVFoundation.framework in Frameworks */,
				AC7F1CCAB63A499B88A915C8 /* AudioToolbox.framework in Frameworks */,
				86ABD7C52C6D45188502B20B /* Bolts.framework in Frameworks */,
				632F5A085A644B6CAD029A0A /* FBSDKCoreKit.framework in Frameworks */,
				EBBF99D48EBD453F9A9A1A55 /* FBSDKLoginKit.framework in Frameworks */,
				9058EE973488451885120544 /* FBSDKShareKit.framework in Frameworks */,
				A55FCCF33D0340CD87BCBB7C /* SystemConfiguration.framework in Frameworks */,
				30A91DAF6E6A4FE6AFD8F7E9 /* CoreTelephony.framework in Frameworks */,
			);
			runOnlyForDeploymentPostprocessing = 0;
		};
/* End PBXFrameworksBuildPhase section */

/* Begin PBXGroup section */
		080E96DDFE201D6D7F000001 /* Classes */ = {
			isa = PBXGroup;
			children = (
				302D95EE14D2391D003F00A1 /* MainViewController.h */,
				302D95EF14D2391D003F00A1 /* MainViewController.m */,
				302D95F014D2391D003F00A1 /* MainViewController.xib */,
				1D3623240D0F684500981E51 /* AppDelegate.h */,
				1D3623250D0F684500981E51 /* AppDelegate.m */,
			);
			name = Classes;
			path = "Live Music/Classes";
			sourceTree = SOURCE_ROOT;
		};
		19C28FACFE9D520D11CA2CBB /* Products */ = {
			isa = PBXGroup;
			children = (
				1D6058910D05DD3D006BFB54 /* Live Music.app */,
			);
			name = Products;
			sourceTree = "<group>";
		};
		29B97314FDCFA39411CA2CEA /* CustomTemplate */ = {
			isa = PBXGroup;
			children = (
				EB87FDF41871DAF40020F90C /* config.xml */,
				EB87FDF31871DA8E0020F90C /* www */,
				EB87FDF11871DA420020F90C /* Staging */,
				301BF52D109A57CC0062928A /* CordovaLib.xcodeproj */,
				080E96DDFE201D6D7F000001 /* Classes */,
				307C750510C5A3420062BCA9 /* Plugins */,
				29B97315FDCFA39411CA2CEA /* Other Sources */,
				29B97317FDCFA39411CA2CEA /* Resources */,
				29B97323FDCFA39411CA2CEA /* Frameworks */,
				19C28FACFE9D520D11CA2CBB /* Products */,
			);
			name = CustomTemplate;
			sourceTree = "<group>";
		};
		29B97315FDCFA39411CA2CEA /* Other Sources */ = {
			isa = PBXGroup;
			children = (
				32CA4F630368D1EE00C91783 /* Live Music-Prefix.pch */,
				29B97316FDCFA39411CA2CEA /* main.m */,
				ED33DF2A687741AEAF9F8254 /* Bridging-Header.h */,
			);
			name = "Other Sources";
			path = "Live Music";
			sourceTree = "<group>";
		};
		29B97317FDCFA39411CA2CEA /* Resources */ = {
			isa = PBXGroup;
			children = (
				0207DA571B56EA530066E2B4 /* Images.xcassets */,
				3047A50E1AB8057F00498E2A /* config */,
				8D1107310486CEB800E47090 /* Live Music-Info.plist */,
				6AFF5BF81D6E424B00AB3073 /* CDVLaunchScreen.storyboard */,
				D355D9C0BE5B48C1BBC66DDD /* CDVNotification.bundle */,
			);
			name = Resources;
			path = "Live Music/Resources";
			sourceTree = "<group>";
		};
		29B97323FDCFA39411CA2CEA /* Frameworks */ = {
			isa = PBXGroup;
			children = (
				B8BC8F4315F740C5AE429AD4 /* MediaPlayer.framework */,
				5F50EAEE8A954BD2A8C8861F /* ImageIO.framework */,
				B200C179309F4977B8D9F83F /* CoreLocation.framework */,
				010FEAEE3CBB49108089D355 /* AVFoundation.framework */,
				18BC8D99769F41AFA5F569FD /* AudioToolbox.framework */,
				1E93B7E9C8D54634B32875E4 /* Bolts.framework */,
				FA21868418014D94ACD9760A /* FBSDKCoreKit.framework */,
				589CAF5C68CF4073BC4E8AA0 /* FBSDKLoginKit.framework */,
				D503E4A55A284A888171D55C /* FBSDKShareKit.framework */,
				EDD2FA53F27848F49B18F17D /* SystemConfiguration.framework */,
				7CBE1B12F966450E91748F67 /* CoreTelephony.framework */,
			);
			name = Frameworks;
			sourceTree = "<group>";
		};
		301BF52E109A57CC0062928A /* Products */ = {
			isa = PBXGroup;
			children = (
				301BF535109A57CC0062928A /* libCordova.a */,
			);
			name = Products;
			sourceTree = "<group>";
		};
		3047A50E1AB8057F00498E2A /* config */ = {
			isa = PBXGroup;
			children = (
				3047A50F1AB8059700498E2A /* build-debug.xcconfig */,
				3047A5101AB8059700498E2A /* build-release.xcconfig */,
				3047A5111AB8059700498E2A /* build.xcconfig */,
			);
			name = config;
			sourceTree = "<group>";
		};
		307C750510C5A3420062BCA9 /* Plugins */ = {
			isa = PBXGroup;
			children = (
				4C729B9846E6435AA1E9AA94 /* StreamingMedia.m */,
				027497D275584120AEC7B8D7 /* StreamingMedia.h */,
				39344832FE17469FB1238ADF /* VideoThumbnail.m */,
				F36606FB3BA9448697A4F514 /* VideoThumbnail.h */,
				3EFDA8FFBC354389B648038A /* UIImage+CropScaleOrientation.m */,
				0C5C48659F444855AE181A29 /* CDVCamera.m */,
				EC421D52AA244C6880A16FD5 /* CDVJpegHeaderWriter.m */,
				011937520C664FC4AC64C839 /* UIImage+CropScaleOrientation.h */,
				D76832523C2F47109B29F688 /* CDVCamera.h */,
				5D7ACBB5531A4A00A5704320 /* CDVJpegHeaderWriter.h */,
				571AAD2D671E4414B702D194 /* CDVExif.h */,
				A80D668ED321406885627116 /* CDVDevice.m */,
				5D0EB94020B546F38276DD3D /* CDVDevice.h */,
				B808204AC0724E0A864F823E /* CDVNotification.m */,
				AF98B1BD190A4E228EF5E483 /* CDVNotification.h */,
				58BA8A88BA1246118B4BE1C8 /* FacebookConnectPlugin.m */,
				987CA4FC3C02467CBFB0C472 /* FacebookConnectPlugin.h */,
				F5A6FE4DD49F4E188F68F884 /* CDVFile.m */,
				C213B27BFBF0421E93BC5045 /* CDVLocalFilesystem.m */,
				5CD00B89BA974E8D9290979A /* CDVAssetLibraryFilesystem.m */,
				C05DD9451316486799266BE2 /* CDVFile.h */,
				9336EB4F38FC42A9835E1E64 /* CDVLocalFilesystem.h */,
				FD6A626A235944BC93BE181B /* CDVAssetLibraryFilesystem.h */,
				4443C13799064C11AE21DC67 /* CDVFileTransfer.m */,
				50EBF26BE5FC4961A87C5F02 /* CDVFileTransfer.h */,
				C34C5110E4B04D38A4D59E09 /* CDVLocation.m */,
				392CB64C4E60425B916B5609 /* CDVLocation.h */,
				AED9DF076FB04555ADB64D72 /* CDVInAppBrowser.m */,
				30E48BDEEADC4868AA2A52DA /* CDVInAppBrowser.h */,
				77CB78EE8AE74CBFB55EB511 /* CDVConnection.m */,
				2C6EA9B835AD4FD785B90B63 /* CDVReachability.m */,
				9C762D7B6DB240239110CF7F /* CDVConnection.h */,
				DDECCB9BA99C424B89BE3AA3 /* CDVReachability.h */,
				1B46CAB8CCFC4840AF092688 /* CDVSplashScreen.m */,
				90EDC57CC5AC4DA295691116 /* CDVViewController+SplashScreen.m */,
				F0F703DFEB1F4F7D8AD782C4 /* CDVSplashScreen.h */,
				96A549DE494943CA9522C2C7 /* CDVViewController+SplashScreen.h */,
				87A0229F44A64635A735D1DE /* CDVStatusBar.m */,
				4E2AC14A29774E4E924C2BE1 /* CDVStatusBar.h */,
				4B05682171594B3A8022378A /* WebViewColor.m */,
				AA0E61FF734E4AF48F5D73B2 /* WebViewColor.h */,
			);
			name = Plugins;
			path = "Live Music/Plugins";
			sourceTree = SOURCE_ROOT;
		};
		EB87FDF11871DA420020F90C /* Staging */ = {
			isa = PBXGroup;
			children = (
				F840E1F0165FE0F500CFE078 /* config.xml */,
				301BF56E109A69640062928A /* www */,
			);
			name = Staging;
			sourceTree = "<group>";
		};
/* End PBXGroup section */

/* Begin PBXNativeTarget section */
		1D6058900D05DD3D006BFB54 /* Live Music */ = {
			isa = PBXNativeTarget;
			buildConfigurationList = 1D6058960D05DD3E006BFB54 /* Build configuration list for PBXNativeTarget "Live Music" */;
			buildPhases = (
				304B58A110DAC018002A0835 /* Copy www directory */,
				1D60588D0D05DD3D006BFB54 /* Resources */,
				1D60588E0D05DD3D006BFB54 /* Sources */,
				1D60588F0D05DD3D006BFB54 /* Frameworks */,
			);
			buildRules = (
			);
			dependencies = (
				301BF551109A68C00062928A /* PBXTargetDependency */,
			);
			name = "Live Music";
			productName = "Live Music";
			productReference = 1D6058910D05DD3D006BFB54 /* Live Music.app */;
			productType = "com.apple.product-type.application";
		};
/* End PBXNativeTarget section */

/* Begin PBXProject section */
		29B97313FDCFA39411CA2CEA /* Project object */ = {
			isa = PBXProject;
			attributes = {
				LastUpgradeCheck = 510;
			};
			buildConfigurationList = C01FCF4E08A954540054247B /* Build configuration list for PBXProject "__NON-CLI__" */;
			compatibilityVersion = "Xcode 3.2";
			developmentRegion = English;
			hasScannedForEncodings = 1;
			mainGroup = 29B97314FDCFA39411CA2CEA /* CustomTemplate */;
			projectDirPath = "";
			projectReferences = (
				{
					ProductGroup = 301BF52E109A57CC0062928A /* Products */;
					ProjectRef = 301BF52D109A57CC0062928A /* CordovaLib.xcodeproj */;
				},
			);
			projectRoot = "";
			targets = (
				1D6058900D05DD3D006BFB54 /* Live Music */,
			);
		};
/* End PBXProject section */

/* Begin PBXReferenceProxy section */
		301BF535109A57CC0062928A /* libCordova.a */ = {
			isa = PBXReferenceProxy;
			fileType = archive.ar;
			path = libCordova.a;
			remoteRef = 301BF534109A57CC0062928A /* PBXContainerItemProxy */;
			sourceTree = BUILT_PRODUCTS_DIR;
		};
/* End PBXReferenceProxy section */

/* Begin PBXResourcesBuildPhase section */
		1D60588D0D05DD3D006BFB54 /* Resources */ = {
			isa = PBXResourcesBuildPhase;
			buildActionMask = 2147483647;
			files = (
				302D95F214D2391D003F00A1 /* MainViewController.xib in Resources */,
				0207DA581B56EA530066E2B4 /* Images.xcassets in Resources */,
				6AFF5BF91D6E424B00AB3073 /* CDVLaunchScreen.storyboard in Resources */,
				07EF85FA45F74F94B3A3EF75 /* CDVNotification.bundle in Resources */,
			);
			runOnlyForDeploymentPostprocessing = 0;
		};
/* End PBXResourcesBuildPhase section */

/* Begin PBXShellScriptBuildPhase section */
		304B58A110DAC018002A0835 /* Copy www directory */ = {
			isa = PBXShellScriptBuildPhase;
			buildActionMask = 2147483647;
			files = (
			);
			inputPaths = (
			);
			name = "Copy www directory";
			outputPaths = (
			);
			runOnlyForDeploymentPostprocessing = 0;
			shellPath = /bin/sh;
			shellScript = "NODEJS_PATH=/usr/local/bin; NVM_NODE_PATH=~/.nvm/versions/node/`nvm version 2>/dev/null`/bin; N_NODE_PATH=`find /usr/local/n/versions/node/* -maxdepth 0 -type d 2>/dev/null | tail -1`/bin; XCODE_NODE_PATH=`xcode-select --print-path`/usr/share/xcs/Node/bin; PATH=$NODEJS_PATH:$NVM_NODE_PATH:$N_NODE_PATH:$XCODE_NODE_PATH:$PATH && node cordova/lib/copy-www-build-step.js";
			showEnvVarsInLog = 0;
		};
/* End PBXShellScriptBuildPhase section */

/* Begin PBXSourcesBuildPhase section */
		1D60588E0D05DD3D006BFB54 /* Sources */ = {
			isa = PBXSourcesBuildPhase;
			buildActionMask = 2147483647;
			files = (
				1D60589B0D05DD56006BFB54 /* main.m in Sources */,
				1D3623260D0F684500981E51 /* AppDelegate.m in Sources */,
				302D95F114D2391D003F00A1 /* MainViewController.m in Sources */,
				63F5F34DF1EA4EA7B44CAA21 /* StreamingMedia.m in Sources */,
				DC90EBF9B4474BA983F1A612 /* VideoThumbnail.m in Sources */,
				80B4BEB2C2FE4FB5908B2C64 /* UIImage+CropScaleOrientation.m in Sources */,
				C7995F3099304E57A1C44494 /* CDVCamera.m in Sources */,
				9ABE0A0339654BEAA9F9574E /* CDVJpegHeaderWriter.m in Sources */,
				7E554788074A4817BA6CDDB7 /* CDVDevice.m in Sources */,
				2EAECB6AA0EF479B8C3222E5 /* CDVNotification.m in Sources */,
				AC36A39034DC4B3894C3BBFB /* FacebookConnectPlugin.m in Sources */,
				025E4B76FD384859AAAF5D7F /* CDVFile.m in Sources */,
				E84FBBBC6F924B66BE0309F1 /* CDVLocalFilesystem.m in Sources */,
				3813116F13D04F3FA1326A2D /* CDVAssetLibraryFilesystem.m in Sources */,
				83331563E1F742549D2C6777 /* CDVFileTransfer.m in Sources */,
				9EF8F36FE67D4F0BA72F1DFB /* CDVLocation.m in Sources */,
				25E6B86CE5B646E69502C27F /* CDVInAppBrowser.m in Sources */,
				DF9C6A39171143E697609F45 /* CDVConnection.m in Sources */,
				C2CB2E547EF749AA9080BD7A /* CDVReachability.m in Sources */,
				E4678D98141C4A5FA7741134 /* CDVSplashScreen.m in Sources */,
				AE5442C7CF5D4DA7A41BC756 /* CDVViewController+SplashScreen.m in Sources */,
				3E9F053E4C9D431182E79DC0 /* CDVStatusBar.m in Sources */,
				52A1010B73D34EF5B87CE95B /* WebViewColor.m in Sources */,
			);
			runOnlyForDeploymentPostprocessing = 0;
		};
/* End PBXSourcesBuildPhase section */

/* Begin PBXTargetDependency section */
		301BF551109A68C00062928A /* PBXTargetDependency */ = {
			isa = PBXTargetDependency;
			name = CordovaLib;
			targetProxy = 301BF550109A68C00062928A /* PBXContainerItemProxy */;
		};
/* End PBXTargetDependency section */

/* Begin XCBuildConfiguration section */
		1D6058940D05DD3E006BFB54 /* Debug */ = {
			isa = XCBuildConfiguration;
			baseConfigurationReference = 3047A50F1AB8059700498E2A /* build-debug.xcconfig */;
			buildSettings = {
				ALWAYS_SEARCH_USER_PATHS = NO;
				ASSETCATALOG_COMPILER_APPICON_NAME = AppIcon;
				ASSETCATALOG_COMPILER_LAUNCHIMAGE_NAME = LaunchImage;
				CLANG_ENABLE_MODULES = YES;
				CLANG_ENABLE_OBJC_ARC = YES;
				COPY_PHASE_STRIP = NO;
				GCC_DYNAMIC_NO_PIC = NO;
				GCC_OPTIMIZATION_LEVEL = 0;
				GCC_PRECOMPILE_PREFIX_HEADER = YES;
				GCC_PREFIX_HEADER = "Live Music/Live Music-Prefix.pch";
				GCC_THUMB_SUPPORT = NO;
				GCC_VERSION = "";
				INFOPLIST_FILE = "Live Music/Live Music-Info.plist";
				IPHONEOS_DEPLOYMENT_TARGET = 8.0;
				LD_RUNPATH_SEARCH_PATHS = "@executable_path/Frameworks";
				TARGETED_DEVICE_FAMILY = "1,2";
				PRODUCT_NAME = "Live Music";
				FRAMEWORK_SEARCH_PATHS = (
					"$(inherited)",
					"\"Live Music/Plugins/cordova-plugin-facebook4\"",
					"\"Live Music/Plugins/cordova-plugin-facebook4\"",
					"\"Live Music/Plugins/cordova-plugin-facebook4\"",
					"\"Live Music/Plugins/cordova-plugin-facebook4\"",
				);
			};
			name = Debug;
		};
		1D6058950D05DD3E006BFB54 /* Release */ = {
			isa = XCBuildConfiguration;
			baseConfigurationReference = 3047A5101AB8059700498E2A /* build-release.xcconfig */;
			buildSettings = {
				ALWAYS_SEARCH_USER_PATHS = NO;
				ASSETCATALOG_COMPILER_APPICON_NAME = AppIcon;
				ASSETCATALOG_COMPILER_LAUNCHIMAGE_NAME = LaunchImage;
				CLANG_ENABLE_MODULES = YES;
				CLANG_ENABLE_OBJC_ARC = YES;
				COPY_PHASE_STRIP = YES;
				GCC_PRECOMPILE_PREFIX_HEADER = YES;
				GCC_PREFIX_HEADER = "Live Music/Live Music-Prefix.pch";
				GCC_THUMB_SUPPORT = NO;
				GCC_VERSION = "";
				INFOPLIST_FILE = "Live Music/Live Music-Info.plist";
				IPHONEOS_DEPLOYMENT_TARGET = 8.0;
				LD_RUNPATH_SEARCH_PATHS = "@executable_path/Frameworks";
				TARGETED_DEVICE_FAMILY = "1,2";
				PRODUCT_NAME = "Live Music";
				FRAMEWORK_SEARCH_PATHS = (
					"$(inherited)",
					"\"Live Music/Plugins/cordova-plugin-facebook4\"",
					"\"Live Music/Plugins/cordova-plugin-facebook4\"",
					"\"Live Music/Plugins/cordova-plugin-facebook4\"",
					"\"Live Music/Plugins/cordova-plugin-facebook4\"",
				);
			};
			name = Release;
		};
		C01FCF4F08A954540054247B /* Debug */ = {
			isa = XCBuildConfiguration;
			baseConfigurationReference = 3047A5111AB8059700498E2A /* build.xcconfig */;
			buildSettings = {
				CLANG_ENABLE_MODULES = YES;
				CLANG_ENABLE_OBJC_ARC = YES;
				CLANG_WARN_BOOL_CONVERSION = YES;
				CLANG_WARN_CONSTANT_CONVERSION = YES;
				CLANG_WARN_EMPTY_BODY = YES;
				CLANG_WARN_ENUM_CONVERSION = YES;
				CLANG_WARN_INT_CONVERSION = YES;
				CLANG_WARN__DUPLICATE_METHOD_MATCH = YES;
				GCC_C_LANGUAGE_STANDARD = c99;
				GCC_THUMB_SUPPORT = NO;
				GCC_VERSION = "";
				GCC_WARN_ABOUT_RETURN_TYPE = YES;
				GCC_WARN_UNDECLARED_SELECTOR = YES;
				GCC_WARN_UNINITIALIZED_AUTOS = YES;
				GCC_WARN_UNUSED_FUNCTION = YES;
				GCC_WARN_UNUSED_VARIABLE = YES;
				ONLY_ACTIVE_ARCH = YES;
				SDKROOT = iphoneos;
				SKIP_INSTALL = NO;
				ASSETCATALOG_COMPILER_LAUNCHIMAGE_NAME = LaunchImage;
			};
			name = Debug;
		};
		C01FCF5008A954540054247B /* Release */ = {
			isa = XCBuildConfiguration;
			baseConfigurationReference = 3047A5111AB8059700498E2A /* build.xcconfig */;
			buildSettings = {
				CLANG_ENABLE_MODULES = YES;
				CLANG_ENABLE_OBJC_ARC = YES;
				CLANG_WARN_BOOL_CONVERSION = YES;
				CLANG_WARN_CONSTANT_CONVERSION = YES;
				CLANG_WARN_EMPTY_BODY = YES;
				CLANG_WARN_ENUM_CONVERSION = YES;
				CLANG_WARN_INT_CONVERSION = YES;
				CLANG_WARN__DUPLICATE_METHOD_MATCH = YES;
				GCC_C_LANGUAGE_STANDARD = c99;
				GCC_THUMB_SUPPORT = NO;
				GCC_VERSION = "";
				GCC_WARN_ABOUT_RETURN_TYPE = YES;
				GCC_WARN_UNDECLARED_SELECTOR = YES;
				GCC_WARN_UNINITIALIZED_AUTOS = YES;
				GCC_WARN_UNUSED_FUNCTION = YES;
				GCC_WARN_UNUSED_VARIABLE = YES;
				SDKROOT = iphoneos;
				SKIP_INSTALL = NO;
				ASSETCATALOG_COMPILER_LAUNCHIMAGE_NAME = LaunchImage;
			};
			name = Release;
		};
/* End XCBuildConfiguration section */

/* Begin XCConfigurationList section */
		1D6058960D05DD3E006BFB54 /* Build configuration list for PBXNativeTarget "Live Music" */ = {
			isa = XCConfigurationList;
			buildConfigurations = (
				1D6058940D05DD3E006BFB54 /* Debug */,
				1D6058950D05DD3E006BFB54 /* Release */,
			);
			defaultConfigurationIsVisible = 0;
			defaultConfigurationName = Release;
		};
		C01FCF4E08A954540054247B /* Build configuration list for PBXProject "__NON-CLI__" */ = {
			isa = XCConfigurationList;
			buildConfigurations = (
				C01FCF4F08A954540054247B /* Debug */,
				C01FCF5008A954540054247B /* Release */,
			);
			defaultConfigurationIsVisible = 0;
			defaultConfigurationName = Release;
		};
/* End XCConfigurationList section */
	};
	rootObject = 29B97313FDCFA39411CA2CEA /* Project object */;
}
